
Microsoft Visual Studio Solution File, Format Version 12.00
# Visual Studio Version 17
VisualStudioVersion = 17.1.32210.238
MinimumVisualStudioVersion = 10.0.40219.1
Project("{8BC9CEB8-8B4A-11D0-8D11-00A0C91BC942}") = "2DArrayFunction", "2DArrayFunction.vcxproj", "{A6AD4B41-48E4-4BE1-9151-E88F39CDB64B}"
EndProject
Global
	GlobalSection(SolutionConfigurationPlatforms) = preSolution
		Debug|x64 = Debug|x64
		Debug|x86 = Debug|x86
		Release|x64 = Release|x64
		Release|x86 = Release|x86
	EndGlobalSection
	GlobalSection(ProjectConfigurationPlatforms) = postSolution
		{A6AD4B41-48E4-4BE1-9151-E88F39CDB64B}.Debug|x64.ActiveCfg = Debug|x64
		{A6AD4B41-48E4-4BE1-9151-E88F39CDB64B}.Debug|x64.Build.0 = Debug|x64
		{A6AD4B41-48E4-4BE1-9151-E88F39CDB64B}.Debug|x86.ActiveCfg = Debug|Win32
		{A6AD4B41-48E4-4BE1-9151-E88F39CDB64B}.Debug|x86.Build.0 = Debug|Win32
		{A6AD4B41-48E4-4BE1-9151-E88F39CDB64B}.Release|x64.ActiveCfg = Release|x64
		{A6AD4B41-48E4-4BE1-9151-E88F39CDB64B}.Release|x64.Build.0 = Release|x64
		{A6AD4B41-48E4-4BE1-9151-E88F39CDB64B}.Release|x86.ActiveCfg = Release|Win32
		{A6AD4B41-48E4-4BE1-9151-E88F39CDB64B}.Release|x86.Build.0 = Release|Win32
	EndGlobalSection
	GlobalSection(SolutionProperties) = preSolution
		HideSolutionNode = FALSE
	EndGlobalSection
	GlobalSection(ExtensibilityGlobals) = postSolution
		SolutionGuid = {35D2F282-D475-47F3-A9ED-47A58F0317FA}
	EndGlobalSection
EndGlobal
