
Microsoft Visual Studio Solution File, Format Version 12.00
# Visual Studio Version 17
VisualStudioVersion = 17.1.32210.238
MinimumVisualStudioVersion = 10.0.40219.1
Project("{8BC9CEB8-8B4A-11D0-8D11-00A0C91BC942}") = "Project1", "Project1.vcxproj", "{72ABD837-3441-45B5-BBBB-DF87350F594C}"
EndProject
Global
	GlobalSection(SolutionConfigurationPlatforms) = preSolution
		Debug|x64 = Debug|x64
		Debug|x86 = Debug|x86
		Release|x64 = Release|x64
		Release|x86 = Release|x86
	EndGlobalSection
	GlobalSection(ProjectConfigurationPlatforms) = postSolution
		{72ABD837-3441-45B5-BBBB-DF87350F594C}.Debug|x64.ActiveCfg = Debug|x64
		{72ABD837-3441-45B5-BBBB-DF87350F594C}.Debug|x64.Build.0 = Debug|x64
		{72ABD837-3441-45B5-BBBB-DF87350F594C}.Debug|x86.ActiveCfg = Debug|Win32
		{72ABD837-3441-45B5-BBBB-DF87350F594C}.Debug|x86.Build.0 = Debug|Win32
		{72ABD837-3441-45B5-BBBB-DF87350F594C}.Release|x64.ActiveCfg = Release|x64
		{72ABD837-3441-45B5-BBBB-DF87350F594C}.Release|x64.Build.0 = Release|x64
		{72ABD837-3441-45B5-BBBB-DF87350F594C}.Release|x86.ActiveCfg = Release|Win32
		{72ABD837-3441-45B5-BBBB-DF87350F594C}.Release|x86.Build.0 = Release|Win32
	EndGlobalSection
	GlobalSection(SolutionProperties) = preSolution
		HideSolutionNode = FALSE
	EndGlobalSection
	GlobalSection(ExtensibilityGlobals) = postSolution
		SolutionGuid = {7E50C1D6-58F0-43C5-AD61-F6CC9D6E1E9C}
	EndGlobalSection
EndGlobal
